// !$*UTF8*$!
{
	archiveVersion = 1;
	classes = {
	};
	objectVersion = 48;
	objects = {

/* Begin PBXBuildFile section */
		7A364C771FA85D3400AD7F50 /* AppDelegate.swift in Sources */ = {isa = PBXBuildFile; fileRef = 7A364C761FA85D3400AD7F50 /* AppDelegate.swift */; };
		7A364C791FA85D3400AD7F50 /* MainViewController.swift in Sources */ = {isa = PBXBuildFile; fileRef = 7A364C781FA85D3400AD7F50 /* MainViewController.swift */; };
		7A364C7C1FA85D3400AD7F50 /* Main.storyboard in Resources */ = {isa = PBXBuildFile; fileRef = 7A364C7A1FA85D3400AD7F50 /* Main.storyboard */; };
		7A364C7E1FA85D3400AD7F50 /* Assets.xcassets in Resources */ = {isa = PBXBuildFile; fileRef = 7A364C7D1FA85D3400AD7F50 /* Assets.xcassets */; };
		7A364C811FA85D3400AD7F50 /* LaunchScreen.storyboard in Resources */ = {isa = PBXBuildFile; fileRef = 7A364C7F1FA85D3400AD7F50 /* LaunchScreen.storyboard */; };
		7A364C8A1FA85FD000AD7F50 /* BeaconDiscoveryService.swift in Sources */ = {isa = PBXBuildFile; fileRef = 7A364C891FA85FD000AD7F50 /* BeaconDiscoveryService.swift */; };
		7A364C8D1FA8654300AD7F50 /* Beacon.swift in Sources */ = {isa = PBXBuildFile; fileRef = 7A364C8C1FA8654300AD7F50 /* Beacon.swift */; };
		7A364C8F1FA865E100AD7F50 /* DoorUnlockService.swift in Sources */ = {isa = PBXBuildFile; fileRef = 7A364C8E1FA865E100AD7F50 /* DoorUnlockService.swift */; };
		7A364C911FA86A5F00AD7F50 /* NetworkHelpers.swift in Sources */ = {isa = PBXBuildFile; fileRef = 7A364C901FA86A5F00AD7F50 /* NetworkHelpers.swift */; };
		7A364C941FA86DB600AD7F50 /* UnlockService.swift in Sources */ = {isa = PBXBuildFile; fileRef = 7A364C931FA86DB600AD7F50 /* UnlockService.swift */; };
		7A364C971FA8702500AD7F50 /* CLBeacon+Extension.swift in Sources */ = {isa = PBXBuildFile; fileRef = 7A364C961FA8702500AD7F50 /* CLBeacon+Extension.swift */; };
		7A364C9A1FA8805900AD7F50 /* ProfileViewController.swift in Sources */ = {isa = PBXBuildFile; fileRef = 7A364C991FA8805900AD7F50 /* ProfileViewController.swift */; };
		7A364C9D1FA880CD00AD7F50 /* UnlockView.swift in Sources */ = {isa = PBXBuildFile; fileRef = 7A364C9C1FA880CD00AD7F50 /* UnlockView.swift */; };
		7A364C9F1FA898A700AD7F50 /* Int+Extension.swift in Sources */ = {isa = PBXBuildFile; fileRef = 7A364C9E1FA898A700AD7F50 /* Int+Extension.swift */; };
		7AC4B9F51FA9A781007DFD50 /* CALayerShape+Extension.swift in Sources */ = {isa = PBXBuildFile; fileRef = 7AC4B9F41FA9A781007DFD50 /* CALayerShape+Extension.swift */; };
		7AC4B9F71FA9A7E3007DFD50 /* UIView+Extension.swift in Sources */ = {isa = PBXBuildFile; fileRef = 7AC4B9F61FA9A7E3007DFD50 /* UIView+Extension.swift */; };
		7AC4B9F91FA9AF41007DFD50 /* UIColor+Extension.swift in Sources */ = {isa = PBXBuildFile; fileRef = 7AC4B9F81FA9AF41007DFD50 /* UIColor+Extension.swift */; };
/* End PBXBuildFile section */

/* Begin PBXFileReference section */
		7A364C731FA85D3400AD7F50 /* Receiver.app */ = {isa = PBXFileReference; explicitFileType = wrapper.application; includeInIndex = 0; path = Receiver.app; sourceTree = BUILT_PRODUCTS_DIR; };
		7A364C761FA85D3400AD7F50 /* AppDelegate.swift */ = {isa = PBXFileReference; lastKnownFileType = sourcecode.swift; path = AppDelegate.swift; sourceTree = "<group>"; };
		7A364C781FA85D3400AD7F50 /* MainViewController.swift */ = {isa = PBXFileReference; lastKnownFileType = sourcecode.swift; path = MainViewController.swift; sourceTree = "<group>"; };
		7A364C7B1FA85D3400AD7F50 /* Base */ = {isa = PBXFileReference; lastKnownFileType = file.storyboard; name = Base; path = Base.lproj/Main.storyboard; sourceTree = "<group>"; };
		7A364C7D1FA85D3400AD7F50 /* Assets.xcassets */ = {isa = PBXFileReference; lastKnownFileType = folder.assetcatalog; path = Assets.xcassets; sourceTree = "<group>"; };
		7A364C801FA85D3400AD7F50 /* Base */ = {isa = PBXFileReference; lastKnownFileType = file.storyboard; name = Base; path = Base.lproj/LaunchScreen.storyboard; sourceTree = "<group>"; };
		7A364C821FA85D3400AD7F50 /* Info.plist */ = {isa = PBXFileReference; lastKnownFileType = text.plist.xml; path = Info.plist; sourceTree = "<group>"; };
		7A364C891FA85FD000AD7F50 /* BeaconDiscoveryService.swift */ = {isa = PBXFileReference; lastKnownFileType = sourcecode.swift; path = BeaconDiscoveryService.swift; sourceTree = "<group>"; };
		7A364C8C1FA8654300AD7F50 /* Beacon.swift */ = {isa = PBXFileReference; lastKnownFileType = sourcecode.swift; path = Beacon.swift; sourceTree = "<group>"; };
		7A364C8E1FA865E100AD7F50 /* DoorUnlockService.swift */ = {isa = PBXFileReference; lastKnownFileType = sourcecode.swift; path = DoorUnlockService.swift; sourceTree = "<group>"; };
		7A364C901FA86A5F00AD7F50 /* NetworkHelpers.swift */ = {isa = PBXFileReference; lastKnownFileType = sourcecode.swift; path = NetworkHelpers.swift; sourceTree = "<group>"; };
		7A364C931FA86DB600AD7F50 /* UnlockService.swift */ = {isa = PBXFileReference; lastKnownFileType = sourcecode.swift; path = UnlockService.swift; sourceTree = "<group>"; };
		7A364C961FA8702500AD7F50 /* CLBeacon+Extension.swift */ = {isa = PBXFileReference; lastKnownFileType = sourcecode.swift; path = "CLBeacon+Extension.swift"; sourceTree = "<group>"; };
		7A364C991FA8805900AD7F50 /* ProfileViewController.swift */ = {isa = PBXFileReference; lastKnownFileType = sourcecode.swift; path = ProfileViewController.swift; sourceTree = "<group>"; };
		7A364C9C1FA880CD00AD7F50 /* UnlockView.swift */ = {isa = PBXFileReference; lastKnownFileType = sourcecode.swift; path = UnlockView.swift; sourceTree = "<group>"; };
		7A364C9E1FA898A700AD7F50 /* Int+Extension.swift */ = {isa = PBXFileReference; lastKnownFileType = sourcecode.swift; path = "Int+Extension.swift"; sourceTree = "<group>"; };
		7AC4B9F41FA9A781007DFD50 /* CALayerShape+Extension.swift */ = {isa = PBXFileReference; lastKnownFileType = sourcecode.swift; path = "CALayerShape+Extension.swift"; sourceTree = "<group>"; };
		7AC4B9F61FA9A7E3007DFD50 /* UIView+Extension.swift */ = {isa = PBXFileReference; lastKnownFileType = sourcecode.swift; path = "UIView+Extension.swift"; sourceTree = "<group>"; };
		7AC4B9F81FA9AF41007DFD50 /* UIColor+Extension.swift */ = {isa = PBXFileReference; lastKnownFileType = sourcecode.swift; path = "UIColor+Extension.swift"; sourceTree = "<group>"; };
/* End PBXFileReference section */

/* Begin PBXFrameworksBuildPhase section */
		7A364C701FA85D3400AD7F50 /* Frameworks */ = {
			isa = PBXFrameworksBuildPhase;
			buildActionMask = 2147483647;
			files = (
			);
			runOnlyForDeploymentPostprocessing = 0;
		};
/* End PBXFrameworksBuildPhase section */

/* Begin PBXGroup section */
		7A364C6A1FA85D3400AD7F50 = {
			isa = PBXGroup;
			children = (
				7A364C751FA85D3400AD7F50 /* Receiver */,
				7A364C741FA85D3400AD7F50 /* Products */,
			);
			sourceTree = "<group>";
		};
		7A364C741FA85D3400AD7F50 /* Products */ = {
			isa = PBXGroup;
			children = (
				7A364C731FA85D3400AD7F50 /* Receiver.app */,
			);
			name = Products;
			sourceTree = "<group>";
		};
		7A364C751FA85D3400AD7F50 /* Receiver */ = {
			isa = PBXGroup;
			children = (
				7A364C9B1FA880B000AD7F50 /* UI */,
				7A364C981FA87B4000AD7F50 /* ViewControllers */,
				7A364C951FA8701400AD7F50 /* Extensions */,
				7A364C921FA86A6600AD7F50 /* Helpers */,
				7A364C8B1FA8652E00AD7F50 /* Model */,
				7A364C881FA85FAC00AD7F50 /* Services */,
				7A364C761FA85D3400AD7F50 /* AppDelegate.swift */,
				7A364C7A1FA85D3400AD7F50 /* Main.storyboard */,
				7A364C7D1FA85D3400AD7F50 /* Assets.xcassets */,
				7A364C7F1FA85D3400AD7F50 /* LaunchScreen.storyboard */,
				7A364C821FA85D3400AD7F50 /* Info.plist */,
			);
			path = Receiver;
			sourceTree = "<group>";
		};
		7A364C881FA85FAC00AD7F50 /* Services */ = {
			isa = PBXGroup;
			children = (
				7A364C891FA85FD000AD7F50 /* BeaconDiscoveryService.swift */,
				7A364C8E1FA865E100AD7F50 /* DoorUnlockService.swift */,
				7A364C931FA86DB600AD7F50 /* UnlockService.swift */,
			);
			path = Services;
			sourceTree = "<group>";
		};
		7A364C8B1FA8652E00AD7F50 /* Model */ = {
			isa = PBXGroup;
			children = (
				7A364C8C1FA8654300AD7F50 /* Beacon.swift */,
			);
			path = Model;
			sourceTree = "<group>";
		};
		7A364C921FA86A6600AD7F50 /* Helpers */ = {
			isa = PBXGroup;
			children = (
				7A364C901FA86A5F00AD7F50 /* NetworkHelpers.swift */,
			);
			path = Helpers;
			sourceTree = "<group>";
		};
		7A364C951FA8701400AD7F50 /* Extensions */ = {
			isa = PBXGroup;
			children = (
				7A364C961FA8702500AD7F50 /* CLBeacon+Extension.swift */,
				7A364C9E1FA898A700AD7F50 /* Int+Extension.swift */,
				7AC4B9F81FA9AF41007DFD50 /* UIColor+Extension.swift */,
			);
			path = Extensions;
			sourceTree = "<group>";
		};
		7A364C981FA87B4000AD7F50 /* ViewControllers */ = {
			isa = PBXGroup;
			children = (
				7A364C781FA85D3400AD7F50 /* MainViewController.swift */,
				7A364C991FA8805900AD7F50 /* ProfileViewController.swift */,
			);
			path = ViewControllers;
			sourceTree = "<group>";
		};
		7A364C9B1FA880B000AD7F50 /* UI */ = {
			isa = PBXGroup;
			children = (
				7A364C9C1FA880CD00AD7F50 /* UnlockView.swift */,
				7AC4B9F41FA9A781007DFD50 /* CALayerShape+Extension.swift */,
				7AC4B9F61FA9A7E3007DFD50 /* UIView+Extension.swift */,
			);
			path = UI;
			sourceTree = "<group>";
		};
/* End PBXGroup section */

/* Begin PBXNativeTarget section */
		7A364C721FA85D3400AD7F50 /* Receiver */ = {
			isa = PBXNativeTarget;
			buildConfigurationList = 7A364C851FA85D3400AD7F50 /* Build configuration list for PBXNativeTarget "Receiver" */;
			buildPhases = (
				7A364C6F1FA85D3400AD7F50 /* Sources */,
				7A364C701FA85D3400AD7F50 /* Frameworks */,
				7A364C711FA85D3400AD7F50 /* Resources */,
			);
			buildRules = (
			);
			dependencies = (
			);
			name = Receiver;
			productName = Receiver;
			productReference = 7A364C731FA85D3400AD7F50 /* Receiver.app */;
			productType = "com.apple.product-type.application";
		};
/* End PBXNativeTarget section */

/* Begin PBXProject section */
		7A364C6B1FA85D3400AD7F50 /* Project object */ = {
			isa = PBXProject;
			attributes = {
				LastSwiftUpdateCheck = 0900;
				LastUpgradeCheck = 0900;
				ORGANIZATIONNAME = appssemble;
				TargetAttributes = {
					7A364C721FA85D3400AD7F50 = {
						CreatedOnToolsVersion = 9.0;
						ProvisioningStyle = Automatic;
						SystemCapabilities = {
							com.apple.BackgroundModes = {
								enabled = 1;
							};
						};
					};
				};
			};
			buildConfigurationList = 7A364C6E1FA85D3400AD7F50 /* Build configuration list for PBXProject "Receiver" */;
			compatibilityVersion = "Xcode 8.0";
			developmentRegion = en;
			hasScannedForEncodings = 0;
			knownRegions = (
				en,
				Base,
			);
			mainGroup = 7A364C6A1FA85D3400AD7F50;
			productRefGroup = 7A364C741FA85D3400AD7F50 /* Products */;
			projectDirPath = "";
			projectRoot = "";
			targets = (
				7A364C721FA85D3400AD7F50 /* Receiver */,
			);
		};
/* End PBXProject section */

/* Begin PBXResourcesBuildPhase section */
		7A364C711FA85D3400AD7F50 /* Resources */ = {
			isa = PBXResourcesBuildPhase;
			buildActionMask = 2147483647;
			files = (
				7A364C811FA85D3400AD7F50 /* LaunchScreen.storyboard in Resources */,
				7A364C7E1FA85D3400AD7F50 /* Assets.xcassets in Resources */,
				7A364C7C1FA85D3400AD7F50 /* Main.storyboard in Resources */,
			);
			runOnlyForDeploymentPostprocessing = 0;
		};
/* End PBXResourcesBuildPhase section */

/* Begin PBXSourcesBuildPhase section */
		7A364C6F1FA85D3400AD7F50 /* Sources */ = {
			isa = PBXSourcesBuildPhase;
			buildActionMask = 2147483647;
			files = (
				7A364C911FA86A5F00AD7F50 /* NetworkHelpers.swift in Sources */,
				7AC4B9F71FA9A7E3007DFD50 /* UIView+Extension.swift in Sources */,
				7AC4B9F51FA9A781007DFD50 /* CALayerShape+Extension.swift in Sources */,
				7A364C8A1FA85FD000AD7F50 /* BeaconDiscoveryService.swift in Sources */,
				7A364C971FA8702500AD7F50 /* CLBeacon+Extension.swift in Sources */,
				7A364C8F1FA865E100AD7F50 /* DoorUnlockService.swift in Sources */,
				7A364C9D1FA880CD00AD7F50 /* UnlockView.swift in Sources */,
				7AC4B9F91FA9AF41007DFD50 /* UIColor+Extension.swift in Sources */,
				7A364C9F1FA898A700AD7F50 /* Int+Extension.swift in Sources */,
				7A364C791FA85D3400AD7F50 /* MainViewController.swift in Sources */,
				7A364C941FA86DB600AD7F50 /* UnlockService.swift in Sources */,
				7A364C9A1FA8805900AD7F50 /* ProfileViewController.swift in Sources */,
				7A364C771FA85D3400AD7F50 /* AppDelegate.swift in Sources */,
				7A364C8D1FA8654300AD7F50 /* Beacon.swift in Sources */,
			);
			runOnlyForDeploymentPostprocessing = 0;
		};
/* End PBXSourcesBuildPhase section */

/* Begin PBXVariantGroup section */
		7A364C7A1FA85D3400AD7F50 /* Main.storyboard */ = {
			isa = PBXVariantGroup;
			children = (
				7A364C7B1FA85D3400AD7F50 /* Base */,
			);
			name = Main.storyboard;
			sourceTree = "<group>";
		};
		7A364C7F1FA85D3400AD7F50 /* LaunchScreen.storyboard */ = {
			isa = PBXVariantGroup;
			children = (
				7A364C801FA85D3400AD7F50 /* Base */,
			);
			name = LaunchScreen.storyboard;
			sourceTree = "<group>";
		};
/* End PBXVariantGroup section */

/* Begin XCBuildConfiguration section */
		7A364C831FA85D3400AD7F50 /* Debug */ = {
			isa = XCBuildConfiguration;
			buildSettings = {
				ALWAYS_SEARCH_USER_PATHS = NO;
				CLANG_ANALYZER_NONNULL = YES;
				CLANG_ANALYZER_NUMBER_OBJECT_CONVERSION = YES_AGGRESSIVE;
				CLANG_CXX_LANGUAGE_STANDARD = "gnu++14";
				CLANG_CXX_LIBRARY = "libc++";
				CLANG_ENABLE_MODULES = YES;
				CLANG_ENABLE_OBJC_ARC = YES;
				CLANG_WARN_BLOCK_CAPTURE_AUTORELEASING = YES;
				CLANG_WARN_BOOL_CONVERSION = YES;
				CLANG_WARN_COMMA = YES;
				CLANG_WARN_CONSTANT_CONVERSION = YES;
				CLANG_WARN_DIRECT_OBJC_ISA_USAGE = YES_ERROR;
				CLANG_WARN_DOCUMENTATION_COMMENTS = YES;
				CLANG_WARN_EMPTY_BODY = YES;
				CLANG_WARN_ENUM_CONVERSION = YES;
				CLANG_WARN_INFINITE_RECURSION = YES;
				CLANG_WARN_INT_CONVERSION = YES;
				CLANG_WARN_NON_LITERAL_NULL_CONVERSION = YES;
				CLANG_WARN_OBJC_LITERAL_CONVERSION = YES;
				CLANG_WARN_OBJC_ROOT_CLASS = YES_ERROR;
				CLANG_WARN_RANGE_LOOP_ANALYSIS = YES;
				CLANG_WARN_STRICT_PROTOTYPES = YES;
				CLANG_WARN_SUSPICIOUS_MOVE = YES;
				CLANG_WARN_UNGUARDED_AVAILABILITY = YES_AGGRESSIVE;
				CLANG_WARN_UNREACHABLE_CODE = YES;
				CLANG_WARN__DUPLICATE_METHOD_MATCH = YES;
				CODE_SIGN_IDENTITY = "iPhone Developer";
				COPY_PHASE_STRIP = NO;
				DEBUG_INFORMATION_FORMAT = dwarf;
				ENABLE_STRICT_OBJC_MSGSEND = YES;
				ENABLE_TESTABILITY = YES;
				GCC_C_LANGUAGE_STANDARD = gnu11;
				GCC_DYNAMIC_NO_PIC = NO;
				GCC_NO_COMMON_BLOCKS = YES;
				GCC_OPTIMIZATION_LEVEL = 0;
				GCC_PREPROCESSOR_DEFINITIONS = (
					"DEBUG=1",
					"$(inherited)",
				);
				GCC_WARN_64_TO_32_BIT_CONVERSION = YES;
				GCC_WARN_ABOUT_RETURN_TYPE = YES_ERROR;
				GCC_WARN_UNDECLARED_SELECTOR = YES;
				GCC_WARN_UNINITIALIZED_AUTOS = YES_AGGRESSIVE;
				GCC_WARN_UNUSED_FUNCTION = YES;
				GCC_WARN_UNUSED_VARIABLE = YES;
				IPHONEOS_DEPLOYMENT_TARGET = 11.0;
				MTL_ENABLE_DEBUG_INFO = YES;
				ONLY_ACTIVE_ARCH = YES;
				SDKROOT = iphoneos;
				SWIFT_ACTIVE_COMPILATION_CONDITIONS = DEBUG;
				SWIFT_OPTIMIZATION_LEVEL = "-Onone";
			};
			name = Debug;
		};
		7A364C841FA85D3400AD7F50 /* Release */ = {
			isa = XCBuildConfiguration;
			buildSettings = {
				ALWAYS_SEARCH_USER_PATHS = NO;
				CLANG_ANALYZER_NONNULL = YES;
				CLANG_ANALYZER_NUMBER_OBJECT_CONVERSION = YES_AGGRESSIVE;
				CLANG_CXX_LANGUAGE_STANDARD = "gnu++14";
				CLANG_CXX_LIBRARY = "libc++";
				CLANG_ENABLE_MODULES = YES;
				CLANG_ENABLE_OBJC_ARC = YES;
				CLANG_WARN_BLOCK_CAPTURE_AUTORELEASING = YES;
				CLANG_WARN_BOOL_CONVERSION = YES;
				CLANG_WARN_COMMA = YES;
				CLANG_WARN_CONSTANT_CONVERSION = YES;
				CLANG_WARN_DIRECT_OBJC_ISA_USAGE = YES_ERROR;
				CLANG_WARN_DOCUMENTATION_COMMENTS = YES;
				CLANG_WARN_EMPTY_BODY = YES;
				CLANG_WARN_ENUM_CONVERSION = YES;
				CLANG_WARN_INFINITE_RECURSION = YES;
				CLANG_WARN_INT_CONVERSION = YES;
				CLANG_WARN_NON_LITERAL_NULL_CONVERSION = YES;
				CLANG_WARN_OBJC_LITERAL_CONVERSION = YES;
				CLANG_WARN_OBJC_ROOT_CLASS = YES_ERROR;
				CLANG_WARN_RANGE_LOOP_ANALYSIS = YES;
				CLANG_WARN_STRICT_PROTOTYPES = YES;
				CLANG_WARN_SUSPICIOUS_MOVE = YES;
				CLANG_WARN_UNGUARDED_AVAILABILITY = YES_AGGRESSIVE;
				CLANG_WARN_UNREACHABLE_CODE = YES;
				CLANG_WARN__DUPLICATE_METHOD_MATCH = YES;
				CODE_SIGN_IDENTITY = "iPhone Developer";
				COPY_PHASE_STRIP = NO;
				DEBUG_INFORMATION_FORMAT = "dwarf-with-dsym";
				ENABLE_NS_ASSERTIONS = NO;
				ENABLE_STRICT_OBJC_MSGSEND = YES;
				GCC_C_LANGUAGE_STANDARD = gnu11;
				GCC_NO_COMMON_BLOCKS = YES;
				GCC_WARN_64_TO_32_BIT_CONVERSION = YES;
				GCC_WARN_ABOUT_RETURN_TYPE = YES_ERROR;
				GCC_WARN_UNDECLARED_SELECTOR = YES;
				GCC_WARN_UNINITIALIZED_AUTOS = YES_AGGRESSIVE;
				GCC_WARN_UNUSED_FUNCTION = YES;
				GCC_WARN_UNUSED_VARIABLE = YES;
				IPHONEOS_DEPLOYMENT_TARGET = 11.0;
				MTL_ENABLE_DEBUG_INFO = NO;
				SDKROOT = iphoneos;
				SWIFT_OPTIMIZATION_LEVEL = "-Owholemodule";
				VALIDATE_PRODUCT = YES;
			};
			name = Release;
		};
		7A364C861FA85D3400AD7F50 /* Debug */ = {
			isa = XCBuildConfiguration;
			buildSettings = {
				ASSETCATALOG_COMPILER_APPICON_NAME = AppIcon;
				CODE_SIGN_STYLE = Automatic;
				DEVELOPMENT_TEAM = WZYAY65GLB;
				INFOPLIST_FILE = Receiver/Info.plist;
				LD_RUNPATH_SEARCH_PATHS = "$(inherited) @executable_path/Frameworks";
				PRODUCT_BUNDLE_IDENTIFIER = com.appsemble.Receiver;
				PRODUCT_NAME = "$(TARGET_NAME)";
				SWIFT_VERSION = 4.0;
				TARGETED_DEVICE_FAMILY = "1,2";
			};
			name = Debug;
		};
		7A364C871FA85D3400AD7F50 /* Release */ = {
			isa = XCBuildConfiguration;
			buildSettings = {
				ASSETCATALOG_COMPILER_APPICON_NAME = AppIcon;
				CODE_SIGN_STYLE = Automatic;
				DEVELOPMENT_TEAM = WZYAY65GLB;
				INFOPLIST_FILE = Receiver/Info.plist;
				LD_RUNPATH_SEARCH_PATHS = "$(inherited) @executable_path/Frameworks";
				PRODUCT_BUNDLE_IDENTIFIER = com.appsemble.Receiver;
				PRODUCT_NAME = "$(TARGET_NAME)";
				SWIFT_VERSION = 4.0;
				TARGETED_DEVICE_FAMILY = "1,2";
			};
			name = Release;
		};
/* End XCBuildConfiguration section */

/* Begin XCConfigurationList section */
		7A364C6E1FA85D3400AD7F50 /* Build configuration list for PBXProject "Receiver" */ = {
			isa = XCConfigurationList;
			buildConfigurations = (
				7A364C831FA85D3400AD7F50 /* Debug */,
				7A364C841FA85D3400AD7F50 /* Release */,
			);
			defaultConfigurationIsVisible = 0;
			defaultConfigurationName = Release;
		};
		7A364C851FA85D3400AD7F50 /* Build configuration list for PBXNativeTarget "Receiver" */ = {
			isa = XCConfigurationList;
			buildConfigurations = (
				7A364C861FA85D3400AD7F50 /* Debug */,
				7A364C871FA85D3400AD7F50 /* Release */,
			);
			defaultConfigurationIsVisible = 0;
			defaultConfigurationName = Release;
		};
/* End XCConfigurationList section */
	};
	rootObject = 7A364C6B1FA85D3400AD7F50 /* Project object */;
}
